// !$*UTF8*$!
{
	archiveVersion = 1;
	classes = {
	};
	objectVersion = 46;
	objects = {

/* Begin PBXBuildFile section */
		9E20C1F41A83BD8000DFCD93 /* main.m in Sources */ = {isa = PBXBuildFile; fileRef = 9E20C1F31A83BD8000DFCD93 /* main.m */; };
		9E20C1F71A83BD8000DFCD93 /* AppDelegate.m in Sources */ = {isa = PBXBuildFile; fileRef = 9E20C1F61A83BD8000DFCD93 /* AppDelegate.m */; };
		9E20C1FA1A83BD8000DFCD93 /* FirstViewController.m in Sources */ = {isa = PBXBuildFile; fileRef = 9E20C1F91A83BD8000DFCD93 /* FirstViewController.m */; };
		9E20C1FD1A83BD8000DFCD93 /* SecondViewController.m in Sources */ = {isa = PBXBuildFile; fileRef = 9E20C1FC1A83BD8000DFCD93 /* SecondViewController.m */; };
		9E20C2001A83BD8000DFCD93 /* Main.storyboard in Resources */ = {isa = PBXBuildFile; fileRef = 9E20C1FE1A83BD8000DFCD93 /* Main.storyboard */; };
		9E20C2021A83BD8000DFCD93 /* Images.xcassets in Resources */ = {isa = PBXBuildFile; fileRef = 9E20C2011A83BD8000DFCD93 /* Images.xcassets */; };
		9E20C2051A83BD8000DFCD93 /* LaunchScreen.xib in Resources */ = {isa = PBXBuildFile; fileRef = 9E20C2031A83BD8000DFCD93 /* LaunchScreen.xib */; };
		9E20C2111A83BD8100DFCD93 /* FNLAppTests.m in Sources */ = {isa = PBXBuildFile; fileRef = 9E20C2101A83BD8100DFCD93 /* FNLAppTests.m */; };
		9E20C21B1A83BEA000DFCD93 /* Twitter.framework in Frameworks */ = {isa = PBXBuildFile; fileRef = 9E20C21A1A83BEA000DFCD93 /* Twitter.framework */; };
		9E20C21D1A83BEA500DFCD93 /* Social.framework in Frameworks */ = {isa = PBXBuildFile; fileRef = 9E20C21C1A83BEA500DFCD93 /* Social.framework */; };
		9E20C21F1A83BEAF00DFCD93 /* Accounts.framework in Frameworks */ = {isa = PBXBuildFile; fileRef = 9E20C21E1A83BEAF00DFCD93 /* Accounts.framework */; };
		9E20C2221A83C02E00DFCD93 /* FLFTwitterTableViewCell.m in Sources */ = {isa = PBXBuildFile; fileRef = 9E20C2211A83C02E00DFCD93 /* FLFTwitterTableViewCell.m */; };
		9E20C25A1A83C2BB00DFCD93 /* libJSONKit.a in Frameworks */ = {isa = PBXBuildFile; fileRef = 9E20C24D1A83C20400DFCD93 /* libJSONKit.a */; };
		9E20C25B1A83C2BE00DFCD93 /* libOAuth2Client.a in Frameworks */ = {isa = PBXBuildFile; fileRef = 9E20C23E1A83C1EF00DFCD93 /* libOAuth2Client.a */; };
		9E20C25C1A83C2C200DFCD93 /* libOHAttributedLabel.a in Frameworks */ = {isa = PBXBuildFile; fileRef = 9E20C2461A83C1FD00DFCD93 /* libOHAttributedLabel.a */; };
		9E20C25D1A83C2CB00DFCD93 /* libSoundCloudAPI.a in Frameworks */ = {isa = PBXBuildFile; fileRef = 9E20C22B1A83C1C900DFCD93 /* libSoundCloudAPI.a */; };
		9E20C25E1A83C2CF00DFCD93 /* libSoundCloudUI.a in Frameworks */ = {isa = PBXBuildFile; fileRef = 9E20C2321A83C1D100DFCD93 /* libSoundCloudUI.a */; };
		9E20C2601A83C2D800DFCD93 /* AddressBook.framework in Frameworks */ = {isa = PBXBuildFile; fileRef = 9E20C25F1A83C2D800DFCD93 /* AddressBook.framework */; };
		9E20C2621A83C2FE00DFCD93 /* AddressBookUI.framework in Frameworks */ = {isa = PBXBuildFile; fileRef = 9E20C2611A83C2FE00DFCD93 /* AddressBookUI.framework */; };
		9E20C2641A83C30500DFCD93 /* CoreGraphics.framework in Frameworks */ = {isa = PBXBuildFile; fileRef = 9E20C2631A83C30500DFCD93 /* CoreGraphics.framework */; };
		9E20C2661A83C30B00DFCD93 /* CoreLocation.framework in Frameworks */ = {isa = PBXBuildFile; fileRef = 9E20C2651A83C30B00DFCD93 /* CoreLocation.framework */; };
		9E20C2681A83C31000DFCD93 /* CoreText.framework in Frameworks */ = {isa = PBXBuildFile; fileRef = 9E20C2671A83C31000DFCD93 /* CoreText.framework */; };
		9E20C26A1A83C31500DFCD93 /* QuartzCore.framework in Frameworks */ = {isa = PBXBuildFile; fileRef = 9E20C2691A83C31500DFCD93 /* QuartzCore.framework */; };
		9E20C26C1A83C31A00DFCD93 /* Security.framework in Frameworks */ = {isa = PBXBuildFile; fileRef = 9E20C26B1A83C31A00DFCD93 /* Security.framework */; };
		9E4D12D51A83C50A0021EBB3 /* SoundCloud.bundle in Resources */ = {isa = PBXBuildFile; fileRef = 9E4D12D41A83C50A0021EBB3 /* SoundCloud.bundle */; };
		9ECF7DB51AA1536E009A3DC2 /* FLFShopViewController.m in Sources */ = {isa = PBXBuildFile; fileRef = 9ECF7DB41AA1536E009A3DC2 /* FLFShopViewController.m */; };
		9ED091091AB5CD59004E3770 /* KILabel.m in Sources */ = {isa = PBXBuildFile; fileRef = 9ED091081AB5CD59004E3770 /* KILabel.m */; };
		9ED091111AB5DBCE004E3770 /* FLFTwitterDataSource.m in Sources */ = {isa = PBXBuildFile; fileRef = 9ED091101AB5DBCE004E3770 /* FLFTwitterDataSource.m */; };
		D27290EC670196F69F723889 /* libPods.a in Frameworks */ = {isa = PBXBuildFile; fileRef = BAA1045FBD1086DC200037A5 /* libPods.a */; };
/* End PBXBuildFile section */

/* Begin PBXContainerItemProxy section */
		9E20C20B1A83BD8100DFCD93 /* PBXContainerItemProxy */ = {
			isa = PBXContainerItemProxy;
			containerPortal = 9E20C1E61A83BD8000DFCD93 /* Project object */;
			proxyType = 1;
			remoteGlobalIDString = 9E20C1ED1A83BD8000DFCD93;
			remoteInfo = FNLApp;
		};
		9E20C2281A83C1C900DFCD93 /* PBXContainerItemProxy */ = {
			isa = PBXContainerItemProxy;
			containerPortal = 9E20C2231A83C1C900DFCD93 /* SoundCloudAPI.xcodeproj */;
			proxyType = 2;
			remoteGlobalIDString = 94535F86123FAFDF00BD668A;
			remoteInfo = SoundCloudAPI.framework;
		};
		9E20C22A1A83C1C900DFCD93 /* PBXContainerItemProxy */ = {
			isa = PBXContainerItemProxy;
			containerPortal = 9E20C2231A83C1C900DFCD93 /* SoundCloudAPI.xcodeproj */;
			proxyType = 2;
			remoteGlobalIDString = D2AAC07E0554694100DB518D;
			remoteInfo = SoundCloudAPI;
		};
		9E20C2311A83C1D100DFCD93 /* PBXContainerItemProxy */ = {
			isa = PBXContainerItemProxy;
			containerPortal = 9E20C22C1A83C1D000DFCD93 /* SoundCloudUI.xcodeproj */;
			proxyType = 2;
			remoteGlobalIDString = F6EF8C6113F929D700B20B40;
			remoteInfo = libSoundCloudUI;
		};
		9E20C2331A83C1D100DFCD93 /* PBXContainerItemProxy */ = {
			isa = PBXContainerItemProxy;
			containerPortal = 9E20C22C1A83C1D000DFCD93 /* SoundCloudUI.xcodeproj */;
			proxyType = 2;
			remoteGlobalIDString = F62E0CE5148FB27100BE8F14;
			remoteInfo = SoundCloudUI.framework;
		};
		9E20C23B1A83C1EF00DFCD93 /* PBXContainerItemProxy */ = {
			isa = PBXContainerItemProxy;
			containerPortal = 9E20C2351A83C1EF00DFCD93 /* OAuth2Client.xcodeproj */;
			proxyType = 2;
			remoteGlobalIDString = 942FFCD612315E0A00E6C65E;
			remoteInfo = OAuth2Client.framework;
		};
		9E20C23D1A83C1EF00DFCD93 /* PBXContainerItemProxy */ = {
			isa = PBXContainerItemProxy;
			containerPortal = 9E20C2351A83C1EF00DFCD93 /* OAuth2Client.xcodeproj */;
			proxyType = 2;
			remoteGlobalIDString = D2AAC07E0554694100DB518D;
			remoteInfo = OAuth2Client;
		};
		9E20C23F1A83C1EF00DFCD93 /* PBXContainerItemProxy */ = {
			isa = PBXContainerItemProxy;
			containerPortal = 9E20C2351A83C1EF00DFCD93 /* OAuth2Client.xcodeproj */;
			proxyType = 2;
			remoteGlobalIDString = 94B6CE6619C1D0A200AA859B;
			remoteInfo = OAuth2ClientTests;
		};
		9E20C2451A83C1FD00DFCD93 /* PBXContainerItemProxy */ = {
			isa = PBXContainerItemProxy;
			containerPortal = 9E20C2411A83C1FD00DFCD93 /* OHAttributedLabel.xcodeproj */;
			proxyType = 2;
			remoteGlobalIDString = F62728FA148F70DF00314599;
			remoteInfo = OHAttributedLabel;
		};
		9E20C24C1A83C20400DFCD93 /* PBXContainerItemProxy */ = {
			isa = PBXContainerItemProxy;
			containerPortal = 9E20C2471A83C20400DFCD93 /* JSONKit.xcodeproj */;
			proxyType = 2;
			remoteGlobalIDString = F6803523148F6D22008A51BA;
			remoteInfo = libJSONKit;
		};
		9E20C24E1A83C20400DFCD93 /* PBXContainerItemProxy */ = {
			isa = PBXContainerItemProxy;
			containerPortal = 9E20C2471A83C20400DFCD93 /* JSONKit.xcodeproj */;
			proxyType = 2;
			remoteGlobalIDString = F6AE0202148F825C0004909F;
			remoteInfo = JSONKit.framework;
		};
		9E20C2501A83C29E00DFCD93 /* PBXContainerItemProxy */ = {
			isa = PBXContainerItemProxy;
			containerPortal = 9E20C2351A83C1EF00DFCD93 /* OAuth2Client.xcodeproj */;
			proxyType = 1;
			remoteGlobalIDString = D2AAC07D0554694100DB518D;
			remoteInfo = OAuth2Client;
		};
		9E20C2521A83C2A200DFCD93 /* PBXContainerItemProxy */ = {
			isa = PBXContainerItemProxy;
			containerPortal = 9E20C22C1A83C1D000DFCD93 /* SoundCloudUI.xcodeproj */;
			proxyType = 1;
			remoteGlobalIDString = F6EF8C6013F929D700B20B40;
			remoteInfo = libSoundCloudUI;
		};
		9E20C2541A83C2A700DFCD93 /* PBXContainerItemProxy */ = {
			isa = PBXContainerItemProxy;
			containerPortal = 9E20C2471A83C20400DFCD93 /* JSONKit.xcodeproj */;
			proxyType = 1;
			remoteGlobalIDString = F6803522148F6D22008A51BA;
			remoteInfo = libJSONKit;
		};
		9E20C2561A83C2AB00DFCD93 /* PBXContainerItemProxy */ = {
			isa = PBXContainerItemProxy;
			containerPortal = 9E20C2411A83C1FD00DFCD93 /* OHAttributedLabel.xcodeproj */;
			proxyType = 1;
			remoteGlobalIDString = F62728F9148F70DF00314599;
			remoteInfo = OHAttributedLabel;
		};
		9E20C2581A83C2B000DFCD93 /* PBXContainerItemProxy */ = {
			isa = PBXContainerItemProxy;
			containerPortal = 9E20C2231A83C1C900DFCD93 /* SoundCloudAPI.xcodeproj */;
			proxyType = 1;
			remoteGlobalIDString = D2AAC07D0554694100DB518D;
			remoteInfo = SoundCloudAPI;
		};
/* End PBXContainerItemProxy section */

/* Begin PBXFileReference section */
		88EF9D931E7002FC9D814113 /* Pods.release.xcconfig */ = {isa = PBXFileReference; includeInIndex = 1; lastKnownFileType = text.xcconfig; name = Pods.release.xcconfig; path = "Pods/Target Support Files/Pods/Pods.release.xcconfig"; sourceTree = "<group>"; };
		9E20C1EE1A83BD8000DFCD93 /* FNLApp.app */ = {isa = PBXFileReference; explicitFileType = wrapper.application; includeInIndex = 0; path = FNLApp.app; sourceTree = BUILT_PRODUCTS_DIR; };
		9E20C1F21A83BD8000DFCD93 /* Info.plist */ = {isa = PBXFileReference; lastKnownFileType = text.plist.xml; path = Info.plist; sourceTree = "<group>"; };
		9E20C1F31A83BD8000DFCD93 /* main.m */ = {isa = PBXFileReference; lastKnownFileType = sourcecode.c.objc; path = main.m; sourceTree = "<group>"; };
		9E20C1F51A83BD8000DFCD93 /* AppDelegate.h */ = {isa = PBXFileReference; lastKnownFileType = sourcecode.c.h; path = AppDelegate.h; sourceTree = "<group>"; };
		9E20C1F61A83BD8000DFCD93 /* AppDelegate.m */ = {isa = PBXFileReference; lastKnownFileType = sourcecode.c.objc; path = AppDelegate.m; sourceTree = "<group>"; };
		9E20C1F81A83BD8000DFCD93 /* FirstViewController.h */ = {isa = PBXFileReference; lastKnownFileType = sourcecode.c.h; path = FirstViewController.h; sourceTree = "<group>"; };
		9E20C1F91A83BD8000DFCD93 /* FirstViewController.m */ = {isa = PBXFileReference; lastKnownFileType = sourcecode.c.objc; path = FirstViewController.m; sourceTree = "<group>"; };
		9E20C1FB1A83BD8000DFCD93 /* SecondViewController.h */ = {isa = PBXFileReference; lastKnownFileType = sourcecode.c.h; path = SecondViewController.h; sourceTree = "<group>"; };
		9E20C1FC1A83BD8000DFCD93 /* SecondViewController.m */ = {isa = PBXFileReference; lastKnownFileType = sourcecode.c.objc; path = SecondViewController.m; sourceTree = "<group>"; };
		9E20C1FF1A83BD8000DFCD93 /* Base */ = {isa = PBXFileReference; lastKnownFileType = file.storyboard; name = Base; path = Base.lproj/Main.storyboard; sourceTree = "<group>"; };
		9E20C2011A83BD8000DFCD93 /* Images.xcassets */ = {isa = PBXFileReference; lastKnownFileType = folder.assetcatalog; path = Images.xcassets; sourceTree = "<group>"; };
		9E20C2041A83BD8000DFCD93 /* Base */ = {isa = PBXFileReference; lastKnownFileType = file.xib; name = Base; path = Base.lproj/LaunchScreen.xib; sourceTree = "<group>"; };
		9E20C20A1A83BD8100DFCD93 /* FNLAppTests.xctest */ = {isa = PBXFileReference; explicitFileType = wrapper.cfbundle; includeInIndex = 0; path = FNLAppTests.xctest; sourceTree = BUILT_PRODUCTS_DIR; };
		9E20C20F1A83BD8100DFCD93 /* Info.plist */ = {isa = PBXFileReference; lastKnownFileType = text.plist.xml; path = Info.plist; sourceTree = "<group>"; };
		9E20C2101A83BD8100DFCD93 /* FNLAppTests.m */ = {isa = PBXFileReference; lastKnownFileType = sourcecode.c.objc; path = FNLAppTests.m; sourceTree = "<group>"; };
		9E20C21A1A83BEA000DFCD93 /* Twitter.framework */ = {isa = PBXFileReference; lastKnownFileType = wrapper.framework; name = Twitter.framework; path = System/Library/Frameworks/Twitter.framework; sourceTree = SDKROOT; };
		9E20C21C1A83BEA500DFCD93 /* Social.framework */ = {isa = PBXFileReference; lastKnownFileType = wrapper.framework; name = Social.framework; path = System/Library/Frameworks/Social.framework; sourceTree = SDKROOT; };
		9E20C21E1A83BEAF00DFCD93 /* Accounts.framework */ = {isa = PBXFileReference; lastKnownFileType = wrapper.framework; name = Accounts.framework; path = System/Library/Frameworks/Accounts.framework; sourceTree = SDKROOT; };
		9E20C2201A83C02E00DFCD93 /* FLFTwitterTableViewCell.h */ = {isa = PBXFileReference; fileEncoding = 4; lastKnownFileType = sourcecode.c.h; path = FLFTwitterTableViewCell.h; sourceTree = "<group>"; };
		9E20C2211A83C02E00DFCD93 /* FLFTwitterTableViewCell.m */ = {isa = PBXFileReference; fileEncoding = 4; lastKnownFileType = sourcecode.c.objc; path = FLFTwitterTableViewCell.m; sourceTree = "<group>"; };
		9E20C2231A83C1C900DFCD93 /* SoundCloudAPI.xcodeproj */ = {isa = PBXFileReference; lastKnownFileType = "wrapper.pb-project"; name = SoundCloudAPI.xcodeproj; path = CocoaSoundCloudAPI/SoundCloudAPI.xcodeproj; sourceTree = "<group>"; };
		9E20C22C1A83C1D000DFCD93 /* SoundCloudUI.xcodeproj */ = {isa = PBXFileReference; lastKnownFileType = "wrapper.pb-project"; name = SoundCloudUI.xcodeproj; path = CocoaSoundCloudUI/SoundCloudUI.xcodeproj; sourceTree = "<group>"; };
		9E20C2351A83C1EF00DFCD93 /* OAuth2Client.xcodeproj */ = {isa = PBXFileReference; lastKnownFileType = "wrapper.pb-project"; name = OAuth2Client.xcodeproj; path = OAuth2Client/OAuth2Client.xcodeproj; sourceTree = "<group>"; };
		9E20C2411A83C1FD00DFCD93 /* OHAttributedLabel.xcodeproj */ = {isa = PBXFileReference; lastKnownFileType = "wrapper.pb-project"; name = OHAttributedLabel.xcodeproj; path = OHAttributedLabel/OHAttributedLabel.xcodeproj; sourceTree = "<group>"; };
		9E20C2471A83C20400DFCD93 /* JSONKit.xcodeproj */ = {isa = PBXFileReference; lastKnownFileType = "wrapper.pb-project"; name = JSONKit.xcodeproj; path = JSONKit/JSONKit.xcodeproj; sourceTree = "<group>"; };
		9E20C25F1A83C2D800DFCD93 /* AddressBook.framework */ = {isa = PBXFileReference; lastKnownFileType = wrapper.framework; name = AddressBook.framework; path = System/Library/Frameworks/AddressBook.framework; sourceTree = SDKROOT; };
		9E20C2611A83C2FE00DFCD93 /* AddressBookUI.framework */ = {isa = PBXFileReference; lastKnownFileType = wrapper.framework; name = AddressBookUI.framework; path = System/Library/Frameworks/AddressBookUI.framework; sourceTree = SDKROOT; };
		9E20C2631A83C30500DFCD93 /* CoreGraphics.framework */ = {isa = PBXFileReference; lastKnownFileType = wrapper.framework; name = CoreGraphics.framework; path = System/Library/Frameworks/CoreGraphics.framework; sourceTree = SDKROOT; };
		9E20C2651A83C30B00DFCD93 /* CoreLocation.framework */ = {isa = PBXFileReference; lastKnownFileType = wrapper.framework; name = CoreLocation.framework; path = System/Library/Frameworks/CoreLocation.framework; sourceTree = SDKROOT; };
		9E20C2671A83C31000DFCD93 /* CoreText.framework */ = {isa = PBXFileReference; lastKnownFileType = wrapper.framework; name = CoreText.framework; path = System/Library/Frameworks/CoreText.framework; sourceTree = SDKROOT; };
		9E20C2691A83C31500DFCD93 /* QuartzCore.framework */ = {isa = PBXFileReference; lastKnownFileType = wrapper.framework; name = QuartzCore.framework; path = System/Library/Frameworks/QuartzCore.framework; sourceTree = SDKROOT; };
		9E20C26B1A83C31A00DFCD93 /* Security.framework */ = {isa = PBXFileReference; lastKnownFileType = wrapper.framework; name = Security.framework; path = System/Library/Frameworks/Security.framework; sourceTree = SDKROOT; };
		9E4D12D41A83C50A0021EBB3 /* SoundCloud.bundle */ = {isa = PBXFileReference; lastKnownFileType = "wrapper.plug-in"; path = SoundCloud.bundle; sourceTree = "<group>"; };
		9ECF7DB31AA1536E009A3DC2 /* FLFShopViewController.h */ = {isa = PBXFileReference; fileEncoding = 4; lastKnownFileType = sourcecode.c.h; path = FLFShopViewController.h; sourceTree = "<group>"; };
		9ECF7DB41AA1536E009A3DC2 /* FLFShopViewController.m */ = {isa = PBXFileReference; fileEncoding = 4; lastKnownFileType = sourcecode.c.objc; path = FLFShopViewController.m; sourceTree = "<group>"; };
		9ED091071AB5CD59004E3770 /* KILabel.h */ = {isa = PBXFileReference; fileEncoding = 4; lastKnownFileType = sourcecode.c.h; path = KILabel.h; sourceTree = "<group>"; };
		9ED091081AB5CD59004E3770 /* KILabel.m */ = {isa = PBXFileReference; fileEncoding = 4; lastKnownFileType = sourcecode.c.objc; path = KILabel.m; sourceTree = "<group>"; };
		9ED0910F1AB5DBCE004E3770 /* FLFTwitterDataSource.h */ = {isa = PBXFileReference; fileEncoding = 4; lastKnownFileType = sourcecode.c.h; path = FLFTwitterDataSource.h; sourceTree = "<group>"; };
		9ED091101AB5DBCE004E3770 /* FLFTwitterDataSource.m */ = {isa = PBXFileReference; fileEncoding = 4; lastKnownFileType = sourcecode.c.objc; path = FLFTwitterDataSource.m; sourceTree = "<group>"; };
		BAA1045FBD1086DC200037A5 /* libPods.a */ = {isa = PBXFileReference; explicitFileType = archive.ar; includeInIndex = 0; path = libPods.a; sourceTree = BUILT_PRODUCTS_DIR; };
		E81CB71F8E2C8994EDFFCBEF /* Pods.debug.xcconfig */ = {isa = PBXFileReference; includeInIndex = 1; lastKnownFileType = text.xcconfig; name = Pods.debug.xcconfig; path = "Pods/Target Support Files/Pods/Pods.debug.xcconfig"; sourceTree = "<group>"; };
/* End PBXFileReference section */

/* Begin PBXFrameworksBuildPhase section */
		9E20C1EB1A83BD8000DFCD93 /* Frameworks */ = {
			isa = PBXFrameworksBuildPhase;
			buildActionMask = 2147483647;
			files = (
				9E20C26C1A83C31A00DFCD93 /* Security.framework in Frameworks */,
				9E20C26A1A83C31500DFCD93 /* QuartzCore.framework in Frameworks */,
				9E20C2681A83C31000DFCD93 /* CoreText.framework in Frameworks */,
				9E20C2661A83C30B00DFCD93 /* CoreLocation.framework in Frameworks */,
				9E20C2641A83C30500DFCD93 /* CoreGraphics.framework in Frameworks */,
				9E20C2621A83C2FE00DFCD93 /* AddressBookUI.framework in Frameworks */,
				9E20C2601A83C2D800DFCD93 /* AddressBook.framework in Frameworks */,
				9E20C25E1A83C2CF00DFCD93 /* libSoundCloudUI.a in Frameworks */,
				9E20C25D1A83C2CB00DFCD93 /* libSoundCloudAPI.a in Frameworks */,
				9E20C25C1A83C2C200DFCD93 /* libOHAttributedLabel.a in Frameworks */,
				9E20C25B1A83C2BE00DFCD93 /* libOAuth2Client.a in Frameworks */,
				9E20C25A1A83C2BB00DFCD93 /* libJSONKit.a in Frameworks */,
				9E20C21F1A83BEAF00DFCD93 /* Accounts.framework in Frameworks */,
				9E20C21D1A83BEA500DFCD93 /* Social.framework in Frameworks */,
				9E20C21B1A83BEA000DFCD93 /* Twitter.framework in Frameworks */,
				D27290EC670196F69F723889 /* libPods.a in Frameworks */,
			);
			runOnlyForDeploymentPostprocessing = 0;
		};
		9E20C2071A83BD8100DFCD93 /* Frameworks */ = {
			isa = PBXFrameworksBuildPhase;
			buildActionMask = 2147483647;
			files = (
			);
			runOnlyForDeploymentPostprocessing = 0;
		};
/* End PBXFrameworksBuildPhase section */

/* Begin PBXGroup section */
		4075C927841359D128F4F06B /* Frameworks */ = {
			isa = PBXGroup;
			children = (
				9E20C26B1A83C31A00DFCD93 /* Security.framework */,
				9E20C2691A83C31500DFCD93 /* QuartzCore.framework */,
				9E20C2671A83C31000DFCD93 /* CoreText.framework */,
				9E20C2651A83C30B00DFCD93 /* CoreLocation.framework */,
				9E20C2631A83C30500DFCD93 /* CoreGraphics.framework */,
				9E20C2611A83C2FE00DFCD93 /* AddressBookUI.framework */,
				9E20C25F1A83C2D800DFCD93 /* AddressBook.framework */,
				BAA1045FBD1086DC200037A5 /* libPods.a */,
			);
			name = Frameworks;
			sourceTree = "<group>";
		};
		8AF46ACAB6C949CC0F0F0F8B /* Pods */ = {
			isa = PBXGroup;
			children = (
				E81CB71F8E2C8994EDFFCBEF /* Pods.debug.xcconfig */,
				88EF9D931E7002FC9D814113 /* Pods.release.xcconfig */,
			);
			name = Pods;
			sourceTree = "<group>";
		};
		9E20C1E51A83BD8000DFCD93 = {
			isa = PBXGroup;
			children = (
				9E20C2471A83C20400DFCD93 /* JSONKit.xcodeproj */,
				9E20C2411A83C1FD00DFCD93 /* OHAttributedLabel.xcodeproj */,
				9E20C2351A83C1EF00DFCD93 /* OAuth2Client.xcodeproj */,
				9E20C22C1A83C1D000DFCD93 /* SoundCloudUI.xcodeproj */,
				9E20C2231A83C1C900DFCD93 /* SoundCloudAPI.xcodeproj */,
				9E20C21E1A83BEAF00DFCD93 /* Accounts.framework */,
				9E20C21C1A83BEA500DFCD93 /* Social.framework */,
				9E20C21A1A83BEA000DFCD93 /* Twitter.framework */,
				9E20C1F01A83BD8000DFCD93 /* FNLApp */,
				9E20C20D1A83BD8100DFCD93 /* FNLAppTests */,
				9E20C1EF1A83BD8000DFCD93 /* Products */,
				8AF46ACAB6C949CC0F0F0F8B /* Pods */,
				4075C927841359D128F4F06B /* Frameworks */,
			);
			sourceTree = "<group>";
		};
		9E20C1EF1A83BD8000DFCD93 /* Products */ = {
			isa = PBXGroup;
			children = (
				9E20C1EE1A83BD8000DFCD93 /* FNLApp.app */,
				9E20C20A1A83BD8100DFCD93 /* FNLAppTests.xctest */,
			);
			name = Products;
			sourceTree = "<group>";
		};
		9E20C1F01A83BD8000DFCD93 /* FNLApp */ = {
			isa = PBXGroup;
			children = (
				9E4D12D41A83C50A0021EBB3 /* SoundCloud.bundle */,
				9E20C1F51A83BD8000DFCD93 /* AppDelegate.h */,
				9E20C1F61A83BD8000DFCD93 /* AppDelegate.m */,
				9E20C1F81A83BD8000DFCD93 /* FirstViewController.h */,
				9E20C1F91A83BD8000DFCD93 /* FirstViewController.m */,
				9ED0910F1AB5DBCE004E3770 /* FLFTwitterDataSource.h */,
				9ED091101AB5DBCE004E3770 /* FLFTwitterDataSource.m */,
				9E20C2201A83C02E00DFCD93 /* FLFTwitterTableViewCell.h */,
				9E20C2211A83C02E00DFCD93 /* FLFTwitterTableViewCell.m */,
				9E20C1FB1A83BD8000DFCD93 /* SecondViewController.h */,
				9E20C1FC1A83BD8000DFCD93 /* SecondViewController.m */,
				9ECF7DB31AA1536E009A3DC2 /* FLFShopViewController.h */,
				9ECF7DB41AA1536E009A3DC2 /* FLFShopViewController.m */,
				9ED091071AB5CD59004E3770 /* KILabel.h */,
				9ED091081AB5CD59004E3770 /* KILabel.m */,
				9E20C1FE1A83BD8000DFCD93 /* Main.storyboard */,
				9E20C2011A83BD8000DFCD93 /* Images.xcassets */,
				9E20C2031A83BD8000DFCD93 /* LaunchScreen.xib */,
				9E20C1F11A83BD8000DFCD93 /* Supporting Files */,
			);
			path = FNLApp;
			sourceTree = "<group>";
		};
		9E20C1F11A83BD8000DFCD93 /* Supporting Files */ = {
			isa = PBXGroup;
			children = (
				9E20C1F21A83BD8000DFCD93 /* Info.plist */,
				9E20C1F31A83BD8000DFCD93 /* main.m */,
			);
			name = "Supporting Files";
			sourceTree = "<group>";
		};
		9E20C20D1A83BD8100DFCD93 /* FNLAppTests */ = {
			isa = PBXGroup;
			children = (
				9E20C2101A83BD8100DFCD93 /* FNLAppTests.m */,
				9E20C20E1A83BD8100DFCD93 /* Supporting Files */,
			);
			path = FNLAppTests;
			sourceTree = "<group>";
		};
		9E20C20E1A83BD8100DFCD93 /* Supporting Files */ = {
			isa = PBXGroup;
			children = (
				9E20C20F1A83BD8100DFCD93 /* Info.plist */,
			);
			name = "Supporting Files";
			sourceTree = "<group>";
		};
		9E20C2241A83C1C900DFCD93 /* Products */ = {
			isa = PBXGroup;
			children = (
				9E20C2291A83C1C900DFCD93 /* SoundCloudAPI.framework */,
				9E20C22B1A83C1C900DFCD93 /* libSoundCloudAPI.a */,
			);
			name = Products;
			sourceTree = "<group>";
		};
		9E20C22D1A83C1D000DFCD93 /* Products */ = {
			isa = PBXGroup;
			children = (
				9E20C2321A83C1D100DFCD93 /* libSoundCloudUI.a */,
				9E20C2341A83C1D100DFCD93 /* SoundCloudUI.framework */,
			);
			name = Products;
			sourceTree = "<group>";
		};
		9E20C2361A83C1EF00DFCD93 /* Products */ = {
			isa = PBXGroup;
			children = (
				9E20C23C1A83C1EF00DFCD93 /* OAuth2Client.framework */,
				9E20C23E1A83C1EF00DFCD93 /* libOAuth2Client.a */,
				9E20C2401A83C1EF00DFCD93 /* OAuth2ClientTests.xctest */,
			);
			name = Products;
			sourceTree = "<group>";
		};
		9E20C2421A83C1FD00DFCD93 /* Products */ = {
			isa = PBXGroup;
			children = (
				9E20C2461A83C1FD00DFCD93 /* libOHAttributedLabel.a */,
			);
			name = Products;
			sourceTree = "<group>";
		};
		9E20C2481A83C20400DFCD93 /* Products */ = {
			isa = PBXGroup;
			children = (
				9E20C24D1A83C20400DFCD93 /* libJSONKit.a */,
				9E20C24F1A83C20400DFCD93 /* JSONKit.framework */,
			);
			name = Products;
			sourceTree = "<group>";
		};
/* End PBXGroup section */

/* Begin PBXNativeTarget section */
		9E20C1ED1A83BD8000DFCD93 /* FNLApp */ = {
			isa = PBXNativeTarget;
			buildConfigurationList = 9E20C2141A83BD8100DFCD93 /* Build configuration list for PBXNativeTarget "FNLApp" */;
			buildPhases = (
				26703A66551C17EC64276BC3 /* Check Pods Manifest.lock */,
				9E20C1EA1A83BD8000DFCD93 /* Sources */,
				9E20C1EB1A83BD8000DFCD93 /* Frameworks */,
				9E20C1EC1A83BD8000DFCD93 /* Resources */,
				6BC6A93206D5CD2C09CF6E3C /* Copy Pods Resources */,
			);
			buildRules = (
			);
			dependencies = (
				9E20C2591A83C2B000DFCD93 /* PBXTargetDependency */,
				9E20C2571A83C2AB00DFCD93 /* PBXTargetDependency */,
				9E20C2551A83C2A700DFCD93 /* PBXTargetDependency */,
				9E20C2531A83C2A200DFCD93 /* PBXTargetDependency */,
				9E20C2511A83C29E00DFCD93 /* PBXTargetDependency */,
			);
			name = FNLApp;
			productName = FNLApp;
			productReference = 9E20C1EE1A83BD8000DFCD93 /* FNLApp.app */;
			productType = "com.apple.product-type.application";
		};
		9E20C2091A83BD8100DFCD93 /* FNLAppTests */ = {
			isa = PBXNativeTarget;
			buildConfigurationList = 9E20C2171A83BD8100DFCD93 /* Build configuration list for PBXNativeTarget "FNLAppTests" */;
			buildPhases = (
				9E20C2061A83BD8100DFCD93 /* Sources */,
				9E20C2071A83BD8100DFCD93 /* Frameworks */,
				9E20C2081A83BD8100DFCD93 /* Resources */,
			);
			buildRules = (
			);
			dependencies = (
				9E20C20C1A83BD8100DFCD93 /* PBXTargetDependency */,
			);
			name = FNLAppTests;
			productName = FNLAppTests;
			productReference = 9E20C20A1A83BD8100DFCD93 /* FNLAppTests.xctest */;
			productType = "com.apple.product-type.bundle.unit-test";
		};
/* End PBXNativeTarget section */

/* Begin PBXProject section */
		9E20C1E61A83BD8000DFCD93 /* Project object */ = {
			isa = PBXProject;
			attributes = {
				LastUpgradeCheck = 0610;
				ORGANIZATIONNAME = "Hi Range";
				TargetAttributes = {
					9E20C1ED1A83BD8000DFCD93 = {
						CreatedOnToolsVersion = 6.1;
					};
					9E20C2091A83BD8100DFCD93 = {
						CreatedOnToolsVersion = 6.1;
						TestTargetID = 9E20C1ED1A83BD8000DFCD93;
					};
				};
			};
			buildConfigurationList = 9E20C1E91A83BD8000DFCD93 /* Build configuration list for PBXProject "FNLApp" */;
			compatibilityVersion = "Xcode 3.2";
			developmentRegion = English;
			hasScannedForEncodings = 0;
			knownRegions = (
				en,
				Base,
			);
			mainGroup = 9E20C1E51A83BD8000DFCD93;
			productRefGroup = 9E20C1EF1A83BD8000DFCD93 /* Products */;
			projectDirPath = "";
			projectReferences = (
				{
					ProductGroup = 9E20C2481A83C20400DFCD93 /* Products */;
					ProjectRef = 9E20C2471A83C20400DFCD93 /* JSONKit.xcodeproj */;
				},
				{
					ProductGroup = 9E20C2361A83C1EF00DFCD93 /* Products */;
					ProjectRef = 9E20C2351A83C1EF00DFCD93 /* OAuth2Client.xcodeproj */;
				},
				{
					ProductGroup = 9E20C2421A83C1FD00DFCD93 /* Products */;
					ProjectRef = 9E20C2411A83C1FD00DFCD93 /* OHAttributedLabel.xcodeproj */;
				},
				{
					ProductGroup = 9E20C2241A83C1C900DFCD93 /* Products */;
					ProjectRef = 9E20C2231A83C1C900DFCD93 /* SoundCloudAPI.xcodeproj */;
				},
				{
					ProductGroup = 9E20C22D1A83C1D000DFCD93 /* Products */;
					ProjectRef = 9E20C22C1A83C1D000DFCD93 /* SoundCloudUI.xcodeproj */;
				},
			);
			projectRoot = "";
			targets = (
				9E20C1ED1A83BD8000DFCD93 /* FNLApp */,
				9E20C2091A83BD8100DFCD93 /* FNLAppTests */,
			);
		};
/* End PBXProject section */

/* Begin PBXReferenceProxy section */
		9E20C2291A83C1C900DFCD93 /* SoundCloudAPI.framework */ = {
			isa = PBXReferenceProxy;
			fileType = wrapper.framework;
			path = SoundCloudAPI.framework;
			remoteRef = 9E20C2281A83C1C900DFCD93 /* PBXContainerItemProxy */;
			sourceTree = BUILT_PRODUCTS_DIR;
		};
		9E20C22B1A83C1C900DFCD93 /* libSoundCloudAPI.a */ = {
			isa = PBXReferenceProxy;
			fileType = archive.ar;
			path = libSoundCloudAPI.a;
			remoteRef = 9E20C22A1A83C1C900DFCD93 /* PBXContainerItemProxy */;
			sourceTree = BUILT_PRODUCTS_DIR;
		};
		9E20C2321A83C1D100DFCD93 /* libSoundCloudUI.a */ = {
			isa = PBXReferenceProxy;
			fileType = archive.ar;
			path = libSoundCloudUI.a;
			remoteRef = 9E20C2311A83C1D100DFCD93 /* PBXContainerItemProxy */;
			sourceTree = BUILT_PRODUCTS_DIR;
		};
		9E20C2341A83C1D100DFCD93 /* SoundCloudUI.framework */ = {
			isa = PBXReferenceProxy;
			fileType = wrapper.framework;
			path = SoundCloudUI.framework;
			remoteRef = 9E20C2331A83C1D100DFCD93 /* PBXContainerItemProxy */;
			sourceTree = BUILT_PRODUCTS_DIR;
		};
		9E20C23C1A83C1EF00DFCD93 /* OAuth2Client.framework */ = {
			isa = PBXReferenceProxy;
			fileType = wrapper.framework;
			path = OAuth2Client.framework;
			remoteRef = 9E20C23B1A83C1EF00DFCD93 /* PBXContainerItemProxy */;
			sourceTree = BUILT_PRODUCTS_DIR;
		};
		9E20C23E1A83C1EF00DFCD93 /* libOAuth2Client.a */ = {
			isa = PBXReferenceProxy;
			fileType = archive.ar;
			path = libOAuth2Client.a;
			remoteRef = 9E20C23D1A83C1EF00DFCD93 /* PBXContainerItemProxy */;
			sourceTree = BUILT_PRODUCTS_DIR;
		};
		9E20C2401A83C1EF00DFCD93 /* OAuth2ClientTests.xctest */ = {
			isa = PBXReferenceProxy;
			fileType = wrapper.cfbundle;
			path = OAuth2ClientTests.xctest;
			remoteRef = 9E20C23F1A83C1EF00DFCD93 /* PBXContainerItemProxy */;
			sourceTree = BUILT_PRODUCTS_DIR;
		};
		9E20C2461A83C1FD00DFCD93 /* libOHAttributedLabel.a */ = {
			isa = PBXReferenceProxy;
			fileType = archive.ar;
			path = libOHAttributedLabel.a;
			remoteRef = 9E20C2451A83C1FD00DFCD93 /* PBXContainerItemProxy */;
			sourceTree = BUILT_PRODUCTS_DIR;
		};
		9E20C24D1A83C20400DFCD93 /* libJSONKit.a */ = {
			isa = PBXReferenceProxy;
			fileType = archive.ar;
			path = libJSONKit.a;
			remoteRef = 9E20C24C1A83C20400DFCD93 /* PBXContainerItemProxy */;
			sourceTree = BUILT_PRODUCTS_DIR;
		};
		9E20C24F1A83C20400DFCD93 /* JSONKit.framework */ = {
			isa = PBXReferenceProxy;
			fileType = wrapper.framework;
			path = JSONKit.framework;
			remoteRef = 9E20C24E1A83C20400DFCD93 /* PBXContainerItemProxy */;
			sourceTree = BUILT_PRODUCTS_DIR;
		};
/* End PBXReferenceProxy section */

/* Begin PBXResourcesBuildPhase section */
		9E20C1EC1A83BD8000DFCD93 /* Resources */ = {
			isa = PBXResourcesBuildPhase;
			buildActionMask = 2147483647;
			files = (
				9E20C2001A83BD8000DFCD93 /* Main.storyboard in Resources */,
				9E4D12D51A83C50A0021EBB3 /* SoundCloud.bundle in Resources */,
				9E20C2051A83BD8000DFCD93 /* LaunchScreen.xib in Resources */,
				9E20C2021A83BD8000DFCD93 /* Images.xcassets in Resources */,
			);
			runOnlyForDeploymentPostprocessing = 0;
		};
		9E20C2081A83BD8100DFCD93 /* Resources */ = {
			isa = PBXResourcesBuildPhase;
			buildActionMask = 2147483647;
			files = (
			);
			runOnlyForDeploymentPostprocessing = 0;
		};
/* End PBXResourcesBuildPhase section */

/* Begin PBXShellScriptBuildPhase section */
		26703A66551C17EC64276BC3 /* Check Pods Manifest.lock */ = {
			isa = PBXShellScriptBuildPhase;
			buildActionMask = 2147483647;
			files = (
			);
			inputPaths = (
			);
			name = "Check Pods Manifest.lock";
			outputPaths = (
			);
			runOnlyForDeploymentPostprocessing = 0;
			shellPath = /bin/sh;
			shellScript = "diff \"${PODS_ROOT}/../Podfile.lock\" \"${PODS_ROOT}/Manifest.lock\" > /dev/null\nif [[ $? != 0 ]] ; then\n    cat << EOM\nerror: The sandbox is not in sync with the Podfile.lock. Run 'pod install' or update your CocoaPods installation.\nEOM\n    exit 1\nfi\n";
			showEnvVarsInLog = 0;
		};
		6BC6A93206D5CD2C09CF6E3C /* Copy Pods Resources */ = {
			isa = PBXShellScriptBuildPhase;
			buildActionMask = 2147483647;
			files = (
			);
			inputPaths = (
			);
			name = "Copy Pods Resources";
			outputPaths = (
			);
			runOnlyForDeploymentPostprocessing = 0;
			shellPath = /bin/sh;
			shellScript = "\"${SRCROOT}/Pods/Target Support Files/Pods/Pods-resources.sh\"\n";
			showEnvVarsInLog = 0;
		};
/* End PBXShellScriptBuildPhase section */

/* Begin PBXSourcesBuildPhase section */
		9E20C1EA1A83BD8000DFCD93 /* Sources */ = {
			isa = PBXSourcesBuildPhase;
			buildActionMask = 2147483647;
			files = (
				9E20C1FD1A83BD8000DFCD93 /* SecondViewController.m in Sources */,
				9E20C2221A83C02E00DFCD93 /* FLFTwitterTableViewCell.m in Sources */,
				9ED091091AB5CD59004E3770 /* KILabel.m in Sources */,
				9E20C1F71A83BD8000DFCD93 /* AppDelegate.m in Sources */,
				9ECF7DB51AA1536E009A3DC2 /* FLFShopViewController.m in Sources */,
				9E20C1FA1A83BD8000DFCD93 /* FirstViewController.m in Sources */,
				9E20C1F41A83BD8000DFCD93 /* main.m in Sources */,
				9ED091111AB5DBCE004E3770 /* FLFTwitterDataSource.m in Sources */,
			);
			runOnlyForDeploymentPostprocessing = 0;
		};
		9E20C2061A83BD8100DFCD93 /* Sources */ = {
			isa = PBXSourcesBuildPhase;
			buildActionMask = 2147483647;
			files = (
				9E20C2111A83BD8100DFCD93 /* FNLAppTests.m in Sources */,
			);
			runOnlyForDeploymentPostprocessing = 0;
		};
/* End PBXSourcesBuildPhase section */

/* Begin PBXTargetDependency section */
		9E20C20C1A83BD8100DFCD93 /* PBXTargetDependency */ = {
			isa = PBXTargetDependency;
			target = 9E20C1ED1A83BD8000DFCD93 /* FNLApp */;
			targetProxy = 9E20C20B1A83BD8100DFCD93 /* PBXContainerItemProxy */;
		};
		9E20C2511A83C29E00DFCD93 /* PBXTargetDependency */ = {
			isa = PBXTargetDependency;
			name = OAuth2Client;
			targetProxy = 9E20C2501A83C29E00DFCD93 /* PBXContainerItemProxy */;
		};
		9E20C2531A83C2A200DFCD93 /* PBXTargetDependency */ = {
			isa = PBXTargetDependency;
			name = libSoundCloudUI;
			targetProxy = 9E20C2521A83C2A200DFCD93 /* PBXContainerItemProxy */;
		};
		9E20C2551A83C2A700DFCD93 /* PBXTargetDependency */ = {
			isa = PBXTargetDependency;
			name = libJSONKit;
			targetProxy = 9E20C2541A83C2A700DFCD93 /* PBXContainerItemProxy */;
		};
		9E20C2571A83C2AB00DFCD93 /* PBXTargetDependency */ = {
			isa = PBXTargetDependency;
			name = OHAttributedLabel;
			targetProxy = 9E20C2561A83C2AB00DFCD93 /* PBXContainerItemProxy */;
		};
		9E20C2591A83C2B000DFCD93 /* PBXTargetDependency */ = {
			isa = PBXTargetDependency;
			name = SoundCloudAPI;
			targetProxy = 9E20C2581A83C2B000DFCD93 /* PBXContainerItemProxy */;
		};
/* End PBXTargetDependency section */

/* Begin PBXVariantGroup section */
		9E20C1FE1A83BD8000DFCD93 /* Main.storyboard */ = {
			isa = PBXVariantGroup;
			children = (
				9E20C1FF1A83BD8000DFCD93 /* Base */,
			);
			name = Main.storyboard;
			sourceTree = "<group>";
		};
		9E20C2031A83BD8000DFCD93 /* LaunchScreen.xib */ = {
			isa = PBXVariantGroup;
			children = (
				9E20C2041A83BD8000DFCD93 /* Base */,
			);
			name = LaunchScreen.xib;
			sourceTree = "<group>";
		};
/* End PBXVariantGroup section */

/* Begin XCBuildConfiguration section */
		9E20C2121A83BD8100DFCD93 /* Debug */ = {
			isa = XCBuildConfiguration;
			buildSettings = {
				ALWAYS_SEARCH_USER_PATHS = NO;
				CLANG_CXX_LANGUAGE_STANDARD = "gnu++0x";
				CLANG_CXX_LIBRARY = "libc++";
				CLANG_ENABLE_MODULES = YES;
				CLANG_ENABLE_OBJC_ARC = YES;
				CLANG_WARN_BOOL_CONVERSION = YES;
				CLANG_WARN_CONSTANT_CONVERSION = YES;
				CLANG_WARN_DIRECT_OBJC_ISA_USAGE = YES_ERROR;
				CLANG_WARN_EMPTY_BODY = YES;
				CLANG_WARN_ENUM_CONVERSION = YES;
				CLANG_WARN_INT_CONVERSION = YES;
				CLANG_WARN_OBJC_ROOT_CLASS = YES_ERROR;
				CLANG_WARN_UNREACHABLE_CODE = YES;
				CLANG_WARN__DUPLICATE_METHOD_MATCH = YES;
				"CODE_SIGN_IDENTITY[sdk=iphoneos*]" = "iPhone Developer";
				COPY_PHASE_STRIP = NO;
				ENABLE_STRICT_OBJC_MSGSEND = YES;
				GCC_C_LANGUAGE_STANDARD = gnu99;
				GCC_DYNAMIC_NO_PIC = NO;
				GCC_OPTIMIZATION_LEVEL = 0;
				GCC_PREPROCESSOR_DEFINITIONS = (
					"DEBUG=1",
					"$(inherited)",
				);
				GCC_SYMBOLS_PRIVATE_EXTERN = NO;
				GCC_WARN_64_TO_32_BIT_CONVERSION = YES;
				GCC_WARN_ABOUT_RETURN_TYPE = YES_ERROR;
				GCC_WARN_UNDECLARED_SELECTOR = YES;
				GCC_WARN_UNINITIALIZED_AUTOS = YES_AGGRESSIVE;
				GCC_WARN_UNUSED_FUNCTION = YES;
				GCC_WARN_UNUSED_VARIABLE = YES;
				IPHONEOS_DEPLOYMENT_TARGET = 8.1;
				MTL_ENABLE_DEBUG_INFO = YES;
				ONLY_ACTIVE_ARCH = YES;
				SDKROOT = iphoneos;
				TARGETED_DEVICE_FAMILY = "1,2";
			};
			name = Debug;
		};
		9E20C2131A83BD8100DFCD93 /* Release */ = {
			isa = XCBuildConfiguration;
			buildSettings = {
				ALWAYS_SEARCH_USER_PATHS = NO;
				CLANG_CXX_LANGUAGE_STANDARD = "gnu++0x";
				CLANG_CXX_LIBRARY = "libc++";
				CLANG_ENABLE_MODULES = YES;
				CLANG_ENABLE_OBJC_ARC = YES;
				CLANG_WARN_BOOL_CONVERSION = YES;
				CLANG_WARN_CONSTANT_CONVERSION = YES;
				CLANG_WARN_DIRECT_OBJC_ISA_USAGE = YES_ERROR;
				CLANG_WARN_EMPTY_BODY = YES;
				CLANG_WARN_ENUM_CONVERSION = YES;
				CLANG_WARN_INT_CONVERSION = YES;
				CLANG_WARN_OBJC_ROOT_CLASS = YES_ERROR;
				CLANG_WARN_UNREACHABLE_CODE = YES;
				CLANG_WARN__DUPLICATE_METHOD_MATCH = YES;
				"CODE_SIGN_IDENTITY[sdk=iphoneos*]" = "iPhone Developer";
				COPY_PHASE_STRIP = YES;
				ENABLE_NS_ASSERTIONS = NO;
				ENABLE_STRICT_OBJC_MSGSEND = YES;
				GCC_C_LANGUAGE_STANDARD = gnu99;
				GCC_WARN_64_TO_32_BIT_CONVERSION = YES;
				GCC_WARN_ABOUT_RETURN_TYPE = YES_ERROR;
				GCC_WARN_UNDECLARED_SELECTOR = YES;
				GCC_WARN_UNINITIALIZED_AUTOS = YES_AGGRESSIVE;
				GCC_WARN_UNUSED_FUNCTION = YES;
				GCC_WARN_UNUSED_VARIABLE = YES;
				IPHONEOS_DEPLOYMENT_TARGET = 8.1;
				MTL_ENABLE_DEBUG_INFO = NO;
				SDKROOT = iphoneos;
				TARGETED_DEVICE_FAMILY = "1,2";
				VALIDATE_PRODUCT = YES;
			};
			name = Release;
		};
		9E20C2151A83BD8100DFCD93 /* Debug */ = {
			isa = XCBuildConfiguration;
			baseConfigurationReference = E81CB71F8E2C8994EDFFCBEF /* Pods.debug.xcconfig */;
			buildSettings = {
				ASSETCATALOG_COMPILER_APPICON_NAME = AppIcon;
				GCC_WARN_ABOUT_DEPRECATED_FUNCTIONS = NO;
				HEADER_SEARCH_PATHS = (
					"\"${PODS_ROOT}/Headers/Public\"",
					"\"${PODS_ROOT}/Headers/Public/STTwitter\"",
					"\"$PROJECT_DIR\"/**",
				);
				INFOPLIST_FILE = FNLApp/Info.plist;
				LD_RUNPATH_SEARCH_PATHS = "$(inherited) @executable_path/Frameworks";
				LIBRARY_SEARCH_PATHS = "";
				OTHER_LDFLAGS = (
					"-l\"Pods-STTwitter\"",
					"-framework",
					"\"QuartzCore\"",
					"-framework",
					"\"CoreGraphics\"",
					"-framework",
					"\"Foundation\"",
					"-framework",
					"\"Accounts\"",
					"-framework",
					"\"Twitter\"",
					"-framework",
					"\"UIKit\"",
					"-weak_framework",
					"\"Social\"",
					"-all_load",
					"-ObjC",
				);
				PRODUCT_NAME = "$(TARGET_NAME)";
			};
			name = Debug;
		};
		9E20C2161A83BD8100DFCD93 /* Release */ = {
			isa = XCBuildConfiguration;
			baseConfigurationReference = 88EF9D931E7002FC9D814113 /* Pods.release.xcconfig */;
			buildSettings = {
				ASSETCATALOG_COMPILER_APPICON_NAME = AppIcon;
				GCC_WARN_ABOUT_DEPRECATED_FUNCTIONS = NO;
				HEADER_SEARCH_PATHS = (
					"\"${PODS_ROOT}/Headers/Public\"",
					"\"${PODS_ROOT}/Headers/Public/STTwitter\"",
					"\"$PROJECT_DIR\"/**",
				);
				INFOPLIST_FILE = FNLApp/Info.plist;
				LD_RUNPATH_SEARCH_PATHS = "$(inherited) @executable_path/Frameworks";
				LIBRARY_SEARCH_PATHS = "";
				OTHER_LDFLAGS = (
					"-l\"Pods-STTwitter\"",
					"-framework",
					"\"QuartzCore\"",
					"-framework",
					"\"CoreGraphics\"",
					"-framework",
					"\"Foundation\"",
					"-framework",
					"\"Accounts\"",
					"-framework",
					"\"Twitter\"",
					"-framework",
					"\"UIKit\"",
					"-weak_framework",
					"\"Social\"",
					"-all_load",
					"-ObjC",
				);
				PRODUCT_NAME = "$(TARGET_NAME)";
			};
			name = Release;
		};
		9E20C2181A83BD8100DFCD93 /* Debug */ = {
			isa = XCBuildConfiguration;
			buildSettings = {
				BUNDLE_LOADER = "$(TEST_HOST)";
				FRAMEWORK_SEARCH_PATHS = (
					"$(SDKROOT)/Developer/Library/Frameworks",
					"$(inherited)",
				);
				GCC_PREPROCESSOR_DEFINITIONS = (
					"DEBUG=1",
					"$(inherited)",
				);
				INFOPLIST_FILE = FNLAppTests/Info.plist;
				LD_RUNPATH_SEARCH_PATHS = "$(inherited) @executable_path/Frameworks @loader_path/Frameworks";
				PRODUCT_NAME = "$(TARGET_NAME)";
				TEST_HOST = "$(BUILT_PRODUCTS_DIR)/FNLApp.app/FNLApp";
			};
			name = Debug;
		};
		9E20C2191A83BD8100DFCD93 /* Release */ = {
			isa = XCBuildConfiguration;
			buildSettings = {
				BUNDLE_LOADER = "$(TEST_HOST)";
				FRAMEWORK_SEARCH_PATHS = (
					"$(SDKROOT)/Developer/Library/Frameworks",
					"$(inherited)",
				);
				INFOPLIST_FILE = FNLAppTests/Info.plist;
				LD_RUNPATH_SEARCH_PATHS = "$(inherited) @executable_path/Frameworks @loader_path/Frameworks";
				PRODUCT_NAME = "$(TARGET_NAME)";
				TEST_HOST = "$(BUILT_PRODUCTS_DIR)/FNLApp.app/FNLApp";
			};
			name = Release;
		};
/* End XCBuildConfiguration section */

/* Begin XCConfigurationList section */
		9E20C1E91A83BD8000DFCD93 /* Build configuration list for PBXProject "FNLApp" */ = {
			isa = XCConfigurationList;
			buildConfigurations = (
				9E20C2121A83BD8100DFCD93 /* Debug */,
				9E20C2131A83BD8100DFCD93 /* Release */,
			);
			defaultConfigurationIsVisible = 0;
			defaultConfigurationName = Release;
		};
		9E20C2141A83BD8100DFCD93 /* Build configuration list for PBXNativeTarget "FNLApp" */ = {
			isa = XCConfigurationList;
			buildConfigurations = (
				9E20C2151A83BD8100DFCD93 /* Debug */,
				9E20C2161A83BD8100DFCD93 /* Release */,
			);
			defaultConfigurationIsVisible = 0;
			defaultConfigurationName = Release;
		};
		9E20C2171A83BD8100DFCD93 /* Build configuration list for PBXNativeTarget "FNLAppTests" */ = {
			isa = XCConfigurationList;
			buildConfigurations = (
				9E20C2181A83BD8100DFCD93 /* Debug */,
				9E20C2191A83BD8100DFCD93 /* Release */,
			);
			defaultConfigurationIsVisible = 0;
			defaultConfigurationName = Release;
		};
/* End XCConfigurationList section */
	};
	rootObject = 9E20C1E61A83BD8000DFCD93 /* Project object */;
}
